// !$*UTF8*$!
{
	archiveVersion = 1;
	classes = {
	};
	objectVersion = 55;
	objects = {

/* Begin PBXBuildFile section */
		4C0FB802254F16EE00CC3AB1 /* ContentView.swift in Sources */ = {isa = PBXBuildFile; fileRef = 4C20B8F0254EF5FD00AFE3EA /* ContentView.swift */; };
		4C20B8EF254EF5FD00AFE3EA /* App.swift in Sources */ = {isa = PBXBuildFile; fileRef = 4C20B8EE254EF5FD00AFE3EA /* App.swift */; };
		4C20B8F4254EF5FD00AFE3EA /* CardGameCollect.xcdatamodeld in Sources */ = {isa = PBXBuildFile; fileRef = 4C20B8F2254EF5FD00AFE3EA /* CardGameCollect.xcdatamodeld */; };
		4C20B8F6254EF5FE00AFE3EA /* Assets.xcassets in Resources */ = {isa = PBXBuildFile; fileRef = 4C20B8F5254EF5FE00AFE3EA /* Assets.xcassets */; };
		4CB1D23C261A18100057EB9E /* Persistence.swift in Sources */ = {isa = PBXBuildFile; fileRef = 4CB1D23B261A18000057EB9E /* Persistence.swift */; };
/* End PBXBuildFile section */

/* Begin PBXFileReference section */
		4C20B8EB254EF5FD00AFE3EA /* Quartets.app */ = {isa = PBXFileReference; explicitFileType = wrapper.application; includeInIndex = 0; path = Quartets.app; sourceTree = BUILT_PRODUCTS_DIR; };
		4C20B8EE254EF5FD00AFE3EA /* App.swift */ = {isa = PBXFileReference; lastKnownFileType = sourcecode.swift; path = App.swift; sourceTree = "<group>"; };
		4C20B8F0254EF5FD00AFE3EA /* ContentView.swift */ = {isa = PBXFileReference; lastKnownFileType = sourcecode.swift; path = ContentView.swift; sourceTree = "<group>"; };
		4C20B8F3254EF5FD00AFE3EA /* CardGameCollect.xcdatamodel */ = {isa = PBXFileReference; lastKnownFileType = wrapper.xcdatamodel; path = CardGameCollect.xcdatamodel; sourceTree = "<group>"; };
		4C20B8F5254EF5FE00AFE3EA /* Assets.xcassets */ = {isa = PBXFileReference; lastKnownFileType = folder.assetcatalog; path = Assets.xcassets; sourceTree = "<group>"; };
		4C20B8FD254EF5FE00AFE3EA /* Info.plist */ = {isa = PBXFileReference; lastKnownFileType = text.plist.xml; path = Info.plist; sourceTree = "<group>"; };
		4C20B8FE254EF5FE00AFE3EA /* CardGameCollect.entitlements */ = {isa = PBXFileReference; lastKnownFileType = text.plist.entitlements; path = CardGameCollect.entitlements; sourceTree = "<group>"; };
		4C6EAC07254EFCAB00F8B97F /* README.md */ = {isa = PBXFileReference; lastKnownFileType = net.daringfireball.markdown; path = README.md; sourceTree = "<group>"; };
		4C6EAC08254EFCAB00F8B97F /* TODO.md */ = {isa = PBXFileReference; lastKnownFileType = net.daringfireball.markdown; path = TODO.md; sourceTree = "<group>"; };
		4CB1D23B261A18000057EB9E /* Persistence.swift */ = {isa = PBXFileReference; lastKnownFileType = sourcecode.swift; path = Persistence.swift; sourceTree = "<group>"; };
/* End PBXFileReference section */

/* Begin PBXFrameworksBuildPhase section */
		4C20B8E8254EF5FD00AFE3EA /* Frameworks */ = {
			isa = PBXFrameworksBuildPhase;
			buildActionMask = 2147483647;
			files = (
			);
			runOnlyForDeploymentPostprocessing = 0;
		};
/* End PBXFrameworksBuildPhase section */

/* Begin PBXGroup section */
		4C20B8E2254EF5FD00AFE3EA = {
			isa = PBXGroup;
			children = (
				4C6EAC07254EFCAB00F8B97F /* README.md */,
				4C6EAC08254EFCAB00F8B97F /* TODO.md */,
				4C20B8FD254EF5FE00AFE3EA /* Info.plist */,
				4C20B8EE254EF5FD00AFE3EA /* App.swift */,
				4C20B8F5254EF5FE00AFE3EA /* Assets.xcassets */,
				4C20B8FE254EF5FE00AFE3EA /* CardGameCollect.entitlements */,
				4C20B909254EF87100AFE3EA /* Data */,
				4C20B90A254EF87700AFE3EA /* View */,
				4C20B8EC254EF5FD00AFE3EA /* Products */,
			);
			sourceTree = "<group>";
		};
		4C20B8EC254EF5FD00AFE3EA /* Products */ = {
			isa = PBXGroup;
			children = (
				4C20B8EB254EF5FD00AFE3EA /* Quartets.app */,
			);
			name = Products;
			sourceTree = "<group>";
		};
		4C20B909254EF87100AFE3EA /* Data */ = {
			isa = PBXGroup;
			children = (
				4C20B8F2254EF5FD00AFE3EA /* CardGameCollect.xcdatamodeld */,
				4CB1D23B261A18000057EB9E /* Persistence.swift */,
			);
			path = Data;
			sourceTree = "<group>";
		};
		4C20B90A254EF87700AFE3EA /* View */ = {
			isa = PBXGroup;
			children = (
				4C20B8F0254EF5FD00AFE3EA /* ContentView.swift */,
			);
			path = View;
			sourceTree = "<group>";
		};
/* End PBXGroup section */

/* Begin PBXNativeTarget section */
		4C20B8EA254EF5FD00AFE3EA /* Quartets */ = {
			isa = PBXNativeTarget;
			buildConfigurationList = 4C20B901254EF5FE00AFE3EA /* Build configuration list for PBXNativeTarget "Quartets" */;
			buildPhases = (
				4C20B8E7254EF5FD00AFE3EA /* Sources */,
				4C20B8E8254EF5FD00AFE3EA /* Frameworks */,
				4C20B8E9254EF5FD00AFE3EA /* Resources */,
			);
			buildRules = (
			);
			dependencies = (
			);
			name = Quartets;
			productName = CardGameCollect;
			productReference = 4C20B8EB254EF5FD00AFE3EA /* Quartets.app */;
			productType = "com.apple.product-type.application";
		};
/* End PBXNativeTarget section */

/* Begin PBXProject section */
		4C20B8E3254EF5FD00AFE3EA /* Project object */ = {
			isa = PBXProject;
			attributes = {
				LastSwiftUpdateCheck = 1210;
				LastUpgradeCheck = 1300;
				TargetAttributes = {
					4C20B8EA254EF5FD00AFE3EA = {
						CreatedOnToolsVersion = 12.1;
					};
				};
			};
			buildConfigurationList = 4C20B8E6254EF5FD00AFE3EA /* Build configuration list for PBXProject "CardGameCollect" */;
			compatibilityVersion = "Xcode 13.0";
			developmentRegion = en;
			hasScannedForEncodings = 0;
			knownRegions = (
				en,
				Base,
			);
			mainGroup = 4C20B8E2254EF5FD00AFE3EA;
			productRefGroup = 4C20B8EC254EF5FD00AFE3EA /* Products */;
			projectDirPath = "";
			projectRoot = "";
			targets = (
				4C20B8EA254EF5FD00AFE3EA /* Quartets */,
			);
		};
/* End PBXProject section */

/* Begin PBXResourcesBuildPhase section */
		4C20B8E9254EF5FD00AFE3EA /* Resources */ = {
			isa = PBXResourcesBuildPhase;
			buildActionMask = 2147483647;
			files = (
				4C20B8F6254EF5FE00AFE3EA /* Assets.xcassets in Resources */,
			);
			runOnlyForDeploymentPostprocessing = 0;
		};
/* End PBXResourcesBuildPhase section */

/* Begin PBXSourcesBuildPhase section */
		4C20B8E7254EF5FD00AFE3EA /* Sources */ = {
			isa = PBXSourcesBuildPhase;
			buildActionMask = 2147483647;
			files = (
				4C20B8F4254EF5FD00AFE3EA /* CardGameCollect.xcdatamodeld in Sources */,
				4CB1D23C261A18100057EB9E /* Persistence.swift in Sources */,
				4C0FB802254F16EE00CC3AB1 /* ContentView.swift in Sources */,
				4C20B8EF254EF5FD00AFE3EA /* App.swift in Sources */,
			);
			runOnlyForDeploymentPostprocessing = 0;
		};
/* End PBXSourcesBuildPhase section */

/* Begin XCBuildConfiguration section */
		4C20B8FF254EF5FE00AFE3EA /* Debug */ = {
			isa = XCBuildConfiguration;
			buildSettings = {
				ENABLE_TESTABILITY = YES;
				MACOSX_DEPLOYMENT_TARGET = 11.4;
				ONLY_ACTIVE_ARCH = YES;
				SDKROOT = macosx;
				SWIFT_OPTIMIZATION_LEVEL = "-Onone";
				SWIFT_VERSION = 5.0;
				USE_HEADERMAP = NO;
			};
			name = Debug;
		};
		4C20B900254EF5FE00AFE3EA /* Release */ = {
			isa = XCBuildConfiguration;
			buildSettings = {
				MACOSX_DEPLOYMENT_TARGET = 11.4;
				SDKROOT = macosx;
				SWIFT_COMPILATION_MODE = wholemodule;
				SWIFT_OPTIMIZATION_LEVEL = "-O";
				SWIFT_VERSION = 5.0;
				USE_HEADERMAP = NO;
			};
			name = Release;
		};
		4C20B902254EF5FE00AFE3EA /* Debug */ = {
			isa = XCBuildConfiguration;
			buildSettings = {
				ASSETCATALOG_COMPILER_APPICON_NAME = AppIcon;
				ASSETCATALOG_COMPILER_GLOBAL_ACCENT_COLOR_NAME = AccentColor;
				CODE_SIGN_ENTITLEMENTS = CardGameCollect.entitlements;
				CODE_SIGN_STYLE = Automatic;
				ENABLE_PREVIEWS = YES;
				INFOPLIST_FILE = Info.plist;
				MARKETING_VERSION = 0.1;
				PRODUCT_BUNDLE_IDENTIFIER = local.CardGameCollect;
				PRODUCT_NAME = "$(TARGET_NAME)";
			};
			name = Debug;
		};
		4C20B903254EF5FE00AFE3EA /* Release */ = {
			isa = XCBuildConfiguration;
			buildSettings = {
				ASSETCATALOG_COMPILER_APPICON_NAME = AppIcon;
				ASSETCATALOG_COMPILER_GLOBAL_ACCENT_COLOR_NAME = AccentColor;
				CODE_SIGN_ENTITLEMENTS = CardGameCollect.entitlements;
				CODE_SIGN_STYLE = Automatic;
				ENABLE_PREVIEWS = YES;
				INFOPLIST_FILE = Info.plist;
				MARKETING_VERSION = 0.1;
				PRODUCT_BUNDLE_IDENTIFIER = local.CardGameCollect;
				PRODUCT_NAME = "$(TARGET_NAME)";
			};
			name = Release;
		};
/* End XCBuildConfiguration section */

/* Begin XCConfigurationList section */
		4C20B8E6254EF5FD00AFE3EA /* Build configuration list for PBXProject "CardGameCollect" */ = {
			isa = XCConfigurationList;
			buildConfigurations = (
				4C20B8FF254EF5FE00AFE3EA /* Debug */,
				4C20B900254EF5FE00AFE3EA /* Release */,
			);
			defaultConfigurationIsVisible = 0;
			defaultConfigurationName = Release;
		};
		4C20B901254EF5FE00AFE3EA /* Build configuration list for PBXNativeTarget "Quartets" */ = {
			isa = XCConfigurationList;
			buildConfigurations = (
				4C20B902254EF5FE00AFE3EA /* Debug */,
				4C20B903254EF5FE00AFE3EA /* Release */,
			);
			defaultConfigurationIsVisible = 0;
			defaultConfigurationName = Release;
		};
/* End XCConfigurationList section */

/* Begin XCVersionGroup section */
		4C20B8F2254EF5FD00AFE3EA /* CardGameCollect.xcdatamodeld */ = {
			isa = XCVersionGroup;
			children = (
				4C20B8F3254EF5FD00AFE3EA /* CardGameCollect.xcdatamodel */,
			);
			currentVersion = 4C20B8F3254EF5FD00AFE3EA /* CardGameCollect.xcdatamodel */;
			path = CardGameCollect.xcdatamodeld;
			sourceTree = "<group>";
			versionGroupType = wrapper.xcdatamodel;
		};
/* End XCVersionGroup section */
	};
	rootObject = 4C20B8E3254EF5FD00AFE3EA /* Project object */;
}
